
Microsoft Visual Studio Solution File, Format Version 12.00
# Visual Studio 15
VisualStudioVersion = 15.0.26730.16
MinimumVisualStudioVersion = 10.0.40219.1
Project("{9A19103F-16F7-4668-BE54-9A1E7A4F7556}") = "MyBot", "Bot Application2\MyBot.csproj", "{33C2D5CE-03F9-45F2-84B2-0059A9D5AA91}"
EndProject
Global
	GlobalSection(SolutionConfigurationPlatforms) = preSolution
		Debug|Any CPU = Debug|Any CPU
		Release|Any CPU = Release|Any CPU
	EndGlobalSection
	GlobalSection(ProjectConfigurationPlatforms) = postSolution
		{33C2D5CE-03F9-45F2-84B2-0059A9D5AA91}.Debug|Any CPU.ActiveCfg = Debug|Any CPU
		{33C2D5CE-03F9-45F2-84B2-0059A9D5AA91}.Debug|Any CPU.Build.0 = Debug|Any CPU
		{33C2D5CE-03F9-45F2-84B2-0059A9D5AA91}.Release|Any CPU.ActiveCfg = Release|Any CPU
		{33C2D5CE-03F9-45F2-84B2-0059A9D5AA91}.Release|Any CPU.Build.0 = Release|Any CPU
	EndGlobalSection
	GlobalSection(SolutionProperties) = preSolution
		HideSolutionNode = FALSE
	EndGlobalSection
	GlobalSection(ExtensibilityGlobals) = postSolution
		SolutionGuid = {A60114C0-D0E7-41B8-9F36-735EA5ADB2E5}
	EndGlobalSection
EndGlobal
